// !$*UTF8*$!
{
	archiveVersion = 1;
	classes = {
	};
	objectVersion = 46;
	objects = {

/* Begin PBXBuildFile section */
		F0E7F4151D4EDE8E007F820F /* AppDelegate.swift in Sources */ = {isa = PBXBuildFile; fileRef = F0E7F4141D4EDE8E007F820F /* AppDelegate.swift */; };
		F0E7F4171D4EDE8E007F820F /* ViewController.swift in Sources */ = {isa = PBXBuildFile; fileRef = F0E7F4161D4EDE8E007F820F /* ViewController.swift */; };
		F0E7F41A1D4EDE8E007F820F /* Main.storyboard in Resources */ = {isa = PBXBuildFile; fileRef = F0E7F4181D4EDE8E007F820F /* Main.storyboard */; };
		F0E7F41C1D4EDE8E007F820F /* Assets.xcassets in Resources */ = {isa = PBXBuildFile; fileRef = F0E7F41B1D4EDE8E007F820F /* Assets.xcassets */; };
		F0E7F41F1D4EDE8E007F820F /* LaunchScreen.storyboard in Resources */ = {isa = PBXBuildFile; fileRef = F0E7F41D1D4EDE8E007F820F /* LaunchScreen.storyboard */; };
		F0E7F4271D4EE2BA007F820F /* Datos.swift in Sources */ = {isa = PBXBuildFile; fileRef = F0E7F4261D4EE2BA007F820F /* Datos.swift */; };
/* End PBXBuildFile section */

/* Begin PBXFileReference section */
		F0E7F4111D4EDE8E007F820F /* Hamburguesas.app */ = {isa = PBXFileReference; explicitFileType = wrapper.application; includeInIndex = 0; path = Hamburguesas.app; sourceTree = BUILT_PRODUCTS_DIR; };
		F0E7F4141D4EDE8E007F820F /* AppDelegate.swift */ = {isa = PBXFileReference; lastKnownFileType = sourcecode.swift; path = AppDelegate.swift; sourceTree = "<group>"; };
		F0E7F4161D4EDE8E007F820F /* ViewController.swift */ = {isa = PBXFileReference; lastKnownFileType = sourcecode.swift; path = ViewController.swift; sourceTree = "<group>"; };
		F0E7F4191D4EDE8E007F820F /* Base */ = {isa = PBXFileReference; lastKnownFileType = file.storyboard; name = Base; path = Base.lproj/Main.storyboard; sourceTree = "<group>"; };
		F0E7F41B1D4EDE8E007F820F /* Assets.xcassets */ = {isa = PBXFileReference; lastKnownFileType = folder.assetcatalog; path = Assets.xcassets; sourceTree = "<group>"; };
		F0E7F41E1D4EDE8E007F820F /* Base */ = {isa = PBXFileReference; lastKnownFileType = file.storyboard; name = Base; path = Base.lproj/LaunchScreen.storyboard; sourceTree = "<group>"; };
		F0E7F4201D4EDE8E007F820F /* Info.plist */ = {isa = PBXFileReference; lastKnownFileType = text.plist.xml; path = Info.plist; sourceTree = "<group>"; };
		F0E7F4261D4EE2BA007F820F /* Datos.swift */ = {isa = PBXFileReference; fileEncoding = 4; lastKnownFileType = sourcecode.swift; path = Datos.swift; sourceTree = "<group>"; };
/* End PBXFileReference section */

/* Begin PBXFrameworksBuildPhase section */
		F0E7F40E1D4EDE8E007F820F /* Frameworks */ = {
			isa = PBXFrameworksBuildPhase;
			buildActionMask = 2147483647;
			files = (
			);
			runOnlyForDeploymentPostprocessing = 0;
		};
/* End PBXFrameworksBuildPhase section */

/* Begin PBXGroup section */
		F0E7F4081D4EDE8E007F820F = {
			isa = PBXGroup;
			children = (
				F0E7F4131D4EDE8E007F820F /* Hamburguesas */,
				F0E7F4121D4EDE8E007F820F /* Products */,
			);
			sourceTree = "<group>";
		};
		F0E7F4121D4EDE8E007F820F /* Products */ = {
			isa = PBXGroup;
			children = (
				F0E7F4111D4EDE8E007F820F /* Hamburguesas.app */,
			);
			name = Products;
			sourceTree = "<group>";
		};
		F0E7F4131D4EDE8E007F820F /* Hamburguesas */ = {
			isa = PBXGroup;
			children = (
				F0E7F4141D4EDE8E007F820F /* AppDelegate.swift */,
				F0E7F4161D4EDE8E007F820F /* ViewController.swift */,
				F0E7F4181D4EDE8E007F820F /* Main.storyboard */,
				F0E7F41B1D4EDE8E007F820F /* Assets.xcassets */,
				F0E7F41D1D4EDE8E007F820F /* LaunchScreen.storyboard */,
				F0E7F4201D4EDE8E007F820F /* Info.plist */,
				F0E7F4261D4EE2BA007F820F /* Datos.swift */,
			);
			path = Hamburguesas;
			sourceTree = "<group>";
		};
/* End PBXGroup section */

/* Begin PBXNativeTarget section */
		F0E7F4101D4EDE8E007F820F /* Hamburguesas */ = {
			isa = PBXNativeTarget;
			buildConfigurationList = F0E7F4231D4EDE8E007F820F /* Build configuration list for PBXNativeTarget "Hamburguesas" */;
			buildPhases = (
				F0E7F40D1D4EDE8E007F820F /* Sources */,
				F0E7F40E1D4EDE8E007F820F /* Frameworks */,
				F0E7F40F1D4EDE8E007F820F /* Resources */,
			);
			buildRules = (
			);
			dependencies = (
			);
			name = Hamburguesas;
			productName = Hamburguesas;
			productReference = F0E7F4111D4EDE8E007F820F /* Hamburguesas.app */;
			productType = "com.apple.product-type.application";
		};
/* End PBXNativeTarget section */

/* Begin PBXProject section */
		F0E7F4091D4EDE8E007F820F /* Project object */ = {
			isa = PBXProject;
			attributes = {
				LastSwiftUpdateCheck = 0730;
				LastUpgradeCheck = 0730;
				ORGANIZATIONNAME = "Dio Belmont";
				TargetAttributes = {
					F0E7F4101D4EDE8E007F820F = {
						CreatedOnToolsVersion = 7.3.1;
					};
				};
			};
			buildConfigurationList = F0E7F40C1D4EDE8E007F820F /* Build configuration list for PBXProject "Hamburguesas" */;
			compatibilityVersion = "Xcode 3.2";
			developmentRegion = English;
			hasScannedForEncodings = 0;
			knownRegions = (
				en,
				Base,
			);
			mainGroup = F0E7F4081D4EDE8E007F820F;
			productRefGroup = F0E7F4121D4EDE8E007F820F /* Products */;
			projectDirPath = "";
			projectRoot = "";
			targets = (
				F0E7F4101D4EDE8E007F820F /* Hamburguesas */,
			);
		};
/* End PBXProject section */

/* Begin PBXResourcesBuildPhase section */
		F0E7F40F1D4EDE8E007F820F /* Resources */ = {
			isa = PBXResourcesBuildPhase;
			buildActionMask = 2147483647;
			files = (
				F0E7F41F1D4EDE8E007F820F /* LaunchScreen.storyboard in Resources */,
				F0E7F41C1D4EDE8E007F820F /* Assets.xcassets in Resources */,
				F0E7F41A1D4EDE8E007F820F /* Main.storyboard in Resources */,
			);
			runOnlyForDeploymentPostprocessing = 0;
		};
/* End PBXResourcesBuildPhase section */

/* Begin PBXSourcesBuildPhase section */
		F0E7F40D1D4EDE8E007F820F /* Sources */ = {
			isa = PBXSourcesBuildPhase;
			buildActionMask = 2147483647;
			files = (
				F0E7F4171D4EDE8E007F820F /* ViewController.swift in Sources */,
				F0E7F4151D4EDE8E007F820F /* AppDelegate.swift in Sources */,
				F0E7F4271D4EE2BA007F820F /* Datos.swift in Sources */,
			);
			runOnlyForDeploymentPostprocessing = 0;
		};
/* End PBXSourcesBuildPhase section */

/* Begin PBXVariantGroup section */
		F0E7F4181D4EDE8E007F820F /* Main.storyboard */ = {
			isa = PBXVariantGroup;
			children = (
				F0E7F4191D4EDE8E007F820F /* Base */,
			);
			name = Main.storyboard;
			sourceTree = "<group>";
		};
		F0E7F41D1D4EDE8E007F820F /* LaunchScreen.storyboard */ = {
			isa = PBXVariantGroup;
			children = (
				F0E7F41E1D4EDE8E007F820F /* Base */,
			);
			name = LaunchScreen.storyboard;
			sourceTree = "<group>";
		};
/* End PBXVariantGroup section */

/* Begin XCBuildConfiguration section */
		F0E7F4211D4EDE8E007F820F /* Debug */ = {
			isa = XCBuildConfiguration;
			buildSettings = {
				ALWAYS_SEARCH_USER_PATHS = NO;
				CLANG_ANALYZER_NONNULL = YES;
				CLANG_CXX_LANGUAGE_STANDARD = "gnu++0x";
				CLANG_CXX_LIBRARY = "libc++";
				CLANG_ENABLE_MODULES = YES;
				CLANG_ENABLE_OBJC_ARC = YES;
				CLANG_WARN_BOOL_CONVERSION = YES;
				CLANG_WARN_CONSTANT_CONVERSION = YES;
				CLANG_WARN_DIRECT_OBJC_ISA_USAGE = YES_ERROR;
				CLANG_WARN_EMPTY_BODY = YES;
				CLANG_WARN_ENUM_CONVERSION = YES;
				CLANG_WARN_INT_CONVERSION = YES;
				CLANG_WARN_OBJC_ROOT_CLASS = YES_ERROR;
				CLANG_WARN_UNREACHABLE_CODE = YES;
				CLANG_WARN__DUPLICATE_METHOD_MATCH = YES;
				"CODE_SIGN_IDENTITY[sdk=iphoneos*]" = "iPhone Developer";
				COPY_PHASE_STRIP = NO;
				DEBUG_INFORMATION_FORMAT = dwarf;
				ENABLE_STRICT_OBJC_MSGSEND = YES;
				ENABLE_TESTABILITY = YES;
				GCC_C_LANGUAGE_STANDARD = gnu99;
				GCC_DYNAMIC_NO_PIC = NO;
				GCC_NO_COMMON_BLOCKS = YES;
				GCC_OPTIMIZATION_LEVEL = 0;
				GCC_PREPROCESSOR_DEFINITIONS = (
					"DEBUG=1",
					"$(inherited)",
				);
				GCC_WARN_64_TO_32_BIT_CONVERSION = YES;
				GCC_WARN_ABOUT_RETURN_TYPE = YES_ERROR;
				GCC_WARN_UNDECLARED_SELECTOR = YES;
				GCC_WARN_UNINITIALIZED_AUTOS = YES_AGGRESSIVE;
				GCC_WARN_UNUSED_FUNCTION = YES;
				GCC_WARN_UNUSED_VARIABLE = YES;
				IPHONEOS_DEPLOYMENT_TARGET = 9.3;
				MTL_ENABLE_DEBUG_INFO = YES;
				ONLY_ACTIVE_ARCH = YES;
				SDKROOT = iphoneos;
				SWIFT_OPTIMIZATION_LEVEL = "-Onone";
			};
			name = Debug;
		};
		F0E7F4221D4EDE8E007F820F /* Release */ = {
			isa = XCBuildConfiguration;
			buildSettings = {
				ALWAYS_SEARCH_USER_PATHS = NO;
				CLANG_ANALYZER_NONNULL = YES;
				CLANG_CXX_LANGUAGE_STANDARD = "gnu++0x";
				CLANG_CXX_LIBRARY = "libc++";
				CLANG_ENABLE_MODULES = YES;
				CLANG_ENABLE_OBJC_ARC = YES;
				CLANG_WARN_BOOL_CONVERSION = YES;
				CLANG_WARN_CONSTANT_CONVERSION = YES;
				CLANG_WARN_DIRECT_OBJC_ISA_USAGE = YES_ERROR;
				CLANG_WARN_EMPTY_BODY = YES;
				CLANG_WARN_ENUM_CONVERSION = YES;
				CLANG_WARN_INT_CONVERSION = YES;
				CLANG_WARN_OBJC_ROOT_CLASS = YES_ERROR;
				CLANG_WARN_UNREACHABLE_CODE = YES;
				CLANG_WARN__DUPLICATE_METHOD_MATCH = YES;
				"CODE_SIGN_IDENTITY[sdk=iphoneos*]" = "iPhone Developer";
				COPY_PHASE_STRIP = NO;
				DEBUG_INFORMATION_FORMAT = "dwarf-with-dsym";
				ENABLE_NS_ASSERTIONS = NO;
				ENABLE_STRICT_OBJC_MSGSEND = YES;
				GCC_C_LANGUAGE_STANDARD = gnu99;
				GCC_NO_COMMON_BLOCKS = YES;
				GCC_WARN_64_TO_32_BIT_CONVERSION = YES;
				GCC_WARN_ABOUT_RETURN_TYPE = YES_ERROR;
				GCC_WARN_UNDECLARED_SELECTOR = YES;
				GCC_WARN_UNINITIALIZED_AUTOS = YES_AGGRESSIVE;
				GCC_WARN_UNUSED_FUNCTION = YES;
				GCC_WARN_UNUSED_VARIABLE = YES;
				IPHONEOS_DEPLOYMENT_TARGET = 9.3;
				MTL_ENABLE_DEBUG_INFO = NO;
				SDKROOT = iphoneos;
				VALIDATE_PRODUCT = YES;
			};
			name = Release;
		};
		F0E7F4241D4EDE8E007F820F /* Debug */ = {
			isa = XCBuildConfiguration;
			buildSettings = {
				ASSETCATALOG_COMPILER_APPICON_NAME = AppIcon;
				INFOPLIST_FILE = Hamburguesas/Info.plist;
				LD_RUNPATH_SEARCH_PATHS = "$(inherited) @executable_path/Frameworks";
				PRODUCT_BUNDLE_IDENTIFIER = BDID.Hamburguesas;
				PRODUCT_NAME = "$(TARGET_NAME)";
			};
			name = Debug;
		};
		F0E7F4251D4EDE8E007F820F /* Release */ = {
			isa = XCBuildConfiguration;
			buildSettings = {
				ASSETCATALOG_COMPILER_APPICON_NAME = AppIcon;
				INFOPLIST_FILE = Hamburguesas/Info.plist;
				LD_RUNPATH_SEARCH_PATHS = "$(inherited) @executable_path/Frameworks";
				PRODUCT_BUNDLE_IDENTIFIER = BDID.Hamburguesas;
				PRODUCT_NAME = "$(TARGET_NAME)";
			};
			name = Release;
		};
/* End XCBuildConfiguration section */

/* Begin XCConfigurationList section */
		F0E7F40C1D4EDE8E007F820F /* Build configuration list for PBXProject "Hamburguesas" */ = {
			isa = XCConfigurationList;
			buildConfigurations = (
				F0E7F4211D4EDE8E007F820F /* Debug */,
				F0E7F4221D4EDE8E007F820F /* Release */,
			);
			defaultConfigurationIsVisible = 0;
			defaultConfigurationName = Release;
		};
		F0E7F4231D4EDE8E007F820F /* Build configuration list for PBXNativeTarget "Hamburguesas" */ = {
			isa = XCConfigurationList;
			buildConfigurations = (
				F0E7F4241D4EDE8E007F820F /* Debug */,
				F0E7F4251D4EDE8E007F820F /* Release */,
			);
			defaultConfigurationIsVisible = 0;
		};
/* End XCConfigurationList section */
	};
	rootObject = F0E7F4091D4EDE8E007F820F /* Project object */;
}
